
Microsoft Visual Studio Solution File, Format Version 12.00
# Visual Studio Version 16
VisualStudioVersion = 16.0.29509.3
MinimumVisualStudioVersion = 10.0.40219.1
Project("{FAE04EC0-301F-11D3-BF4B-00C04F79EFBC}") = "Kursach", "ForLerik\Kursach.csproj", "{613001DC-CA5B-4077-8E5D-58388EDCD6C0}"
EndProject
Global
	GlobalSection(SolutionConfigurationPlatforms) = preSolution
		Debug|Any CPU = Debug|Any CPU
		Release|Any CPU = Release|Any CPU
	EndGlobalSection
	GlobalSection(ProjectConfigurationPlatforms) = postSolution
		{613001DC-CA5B-4077-8E5D-58388EDCD6C0}.Debug|Any CPU.ActiveCfg = Debug|Any CPU
		{613001DC-CA5B-4077-8E5D-58388EDCD6C0}.Debug|Any CPU.Build.0 = Debug|Any CPU
		{613001DC-CA5B-4077-8E5D-58388EDCD6C0}.Release|Any CPU.ActiveCfg = Release|Any CPU
		{613001DC-CA5B-4077-8E5D-58388EDCD6C0}.Release|Any CPU.Build.0 = Release|Any CPU
	EndGlobalSection
	GlobalSection(SolutionProperties) = preSolution
		HideSolutionNode = FALSE
	EndGlobalSection
	GlobalSection(ExtensibilityGlobals) = postSolution
		SolutionGuid = {EFFE72ED-A2F0-4891-B74B-6C02C7B0F7BB}
	EndGlobalSection
EndGlobal
